// !$*UTF8*$!
{
	archiveVersion = 1;
	classes = {
	};
	objectVersion = 46;
	objects = {

/* Begin PBXBuildFile section */
		CB222C651CF4BC2E00364333 /* AppDelegate.swift in Sources */ = {isa = PBXBuildFile; fileRef = CB222C641CF4BC2E00364333 /* AppDelegate.swift */; };
		CB222C671CF4BC2E00364333 /* ViewController.swift in Sources */ = {isa = PBXBuildFile; fileRef = CB222C661CF4BC2E00364333 /* ViewController.swift */; };
		CB222C6A1CF4BC2E00364333 /* Main.storyboard in Resources */ = {isa = PBXBuildFile; fileRef = CB222C681CF4BC2E00364333 /* Main.storyboard */; };
		CB222C6C1CF4BC2E00364333 /* Assets.xcassets in Resources */ = {isa = PBXBuildFile; fileRef = CB222C6B1CF4BC2E00364333 /* Assets.xcassets */; };
		CB222C6F1CF4BC2E00364333 /* LaunchScreen.storyboard in Resources */ = {isa = PBXBuildFile; fileRef = CB222C6D1CF4BC2E00364333 /* LaunchScreen.storyboard */; };
/* End PBXBuildFile section */

/* Begin PBXFileReference section */
		CB222C611CF4BC2D00364333 /* TextViewAppearance.app */ = {isa = PBXFileReference; explicitFileType = wrapper.application; includeInIndex = 0; path = TextViewAppearance.app; sourceTree = BUILT_PRODUCTS_DIR; };
		CB222C641CF4BC2E00364333 /* AppDelegate.swift */ = {isa = PBXFileReference; lastKnownFileType = sourcecode.swift; path = AppDelegate.swift; sourceTree = "<group>"; };
		CB222C661CF4BC2E00364333 /* ViewController.swift */ = {isa = PBXFileReference; lastKnownFileType = sourcecode.swift; path = ViewController.swift; sourceTree = "<group>"; };
		CB222C691CF4BC2E00364333 /* Base */ = {isa = PBXFileReference; lastKnownFileType = file.storyboard; name = Base; path = Base.lproj/Main.storyboard; sourceTree = "<group>"; };
		CB222C6B1CF4BC2E00364333 /* Assets.xcassets */ = {isa = PBXFileReference; lastKnownFileType = folder.assetcatalog; path = Assets.xcassets; sourceTree = "<group>"; };
		CB222C6E1CF4BC2E00364333 /* Base */ = {isa = PBXFileReference; lastKnownFileType = file.storyboard; name = Base; path = Base.lproj/LaunchScreen.storyboard; sourceTree = "<group>"; };
		CB222C701CF4BC2E00364333 /* Info.plist */ = {isa = PBXFileReference; lastKnownFileType = text.plist.xml; path = Info.plist; sourceTree = "<group>"; };
/* End PBXFileReference section */

/* Begin PBXFrameworksBuildPhase section */
		CB222C5E1CF4BC2D00364333 /* Frameworks */ = {
			isa = PBXFrameworksBuildPhase;
			buildActionMask = 2147483647;
			files = (
			);
			runOnlyForDeploymentPostprocessing = 0;
		};
/* End PBXFrameworksBuildPhase section */

/* Begin PBXGroup section */
		CB222C581CF4BC2D00364333 = {
			isa = PBXGroup;
			children = (
				CB222C631CF4BC2E00364333 /* TextViewAppearance */,
				CB222C621CF4BC2D00364333 /* Products */,
			);
			sourceTree = "<group>";
		};
		CB222C621CF4BC2D00364333 /* Products */ = {
			isa = PBXGroup;
			children = (
				CB222C611CF4BC2D00364333 /* TextViewAppearance.app */,
			);
			name = Products;
			sourceTree = "<group>";
		};
		CB222C631CF4BC2E00364333 /* TextViewAppearance */ = {
			isa = PBXGroup;
			children = (
				CB222C641CF4BC2E00364333 /* AppDelegate.swift */,
				CB222C661CF4BC2E00364333 /* ViewController.swift */,
				CB222C681CF4BC2E00364333 /* Main.storyboard */,
				CB222C6B1CF4BC2E00364333 /* Assets.xcassets */,
				CB222C6D1CF4BC2E00364333 /* LaunchScreen.storyboard */,
				CB222C701CF4BC2E00364333 /* Info.plist */,
			);
			path = TextViewAppearance;
			sourceTree = "<group>";
		};
/* End PBXGroup section */

/* Begin PBXNativeTarget section */
		CB222C601CF4BC2D00364333 /* TextViewAppearance */ = {
			isa = PBXNativeTarget;
			buildConfigurationList = CB222C731CF4BC2E00364333 /* Build configuration list for PBXNativeTarget "TextViewAppearance" */;
			buildPhases = (
				CB222C5D1CF4BC2D00364333 /* Sources */,
				CB222C5E1CF4BC2D00364333 /* Frameworks */,
				CB222C5F1CF4BC2D00364333 /* Resources */,
			);
			buildRules = (
			);
			dependencies = (
			);
			name = TextViewAppearance;
			productName = TextViewAppearance;
			productReference = CB222C611CF4BC2D00364333 /* TextViewAppearance.app */;
			productType = "com.apple.product-type.application";
		};
/* End PBXNativeTarget section */

/* Begin PBXProject section */
		CB222C591CF4BC2D00364333 /* Project object */ = {
			isa = PBXProject;
			attributes = {
				LastSwiftUpdateCheck = 0730;
				LastUpgradeCheck = 0730;
				ORGANIZATIONNAME = "Alexander von Below";
				TargetAttributes = {
					CB222C601CF4BC2D00364333 = {
						CreatedOnToolsVersion = 7.3.1;
					};
				};
			};
			buildConfigurationList = CB222C5C1CF4BC2D00364333 /* Build configuration list for PBXProject "TextViewAppearance" */;
			compatibilityVersion = "Xcode 3.2";
			developmentRegion = English;
			hasScannedForEncodings = 0;
			knownRegions = (
				en,
				Base,
			);
			mainGroup = CB222C581CF4BC2D00364333;
			productRefGroup = CB222C621CF4BC2D00364333 /* Products */;
			projectDirPath = "";
			projectRoot = "";
			targets = (
				CB222C601CF4BC2D00364333 /* TextViewAppearance */,
			);
		};
/* End PBXProject section */

/* Begin PBXResourcesBuildPhase section */
		CB222C5F1CF4BC2D00364333 /* Resources */ = {
			isa = PBXResourcesBuildPhase;
			buildActionMask = 2147483647;
			files = (
				CB222C6F1CF4BC2E00364333 /* LaunchScreen.storyboard in Resources */,
				CB222C6C1CF4BC2E00364333 /* Assets.xcassets in Resources */,
				CB222C6A1CF4BC2E00364333 /* Main.storyboard in Resources */,
			);
			runOnlyForDeploymentPostprocessing = 0;
		};
/* End PBXResourcesBuildPhase section */

/* Begin PBXSourcesBuildPhase section */
		CB222C5D1CF4BC2D00364333 /* Sources */ = {
			isa = PBXSourcesBuildPhase;
			buildActionMask = 2147483647;
			files = (
				CB222C671CF4BC2E00364333 /* ViewController.swift in Sources */,
				CB222C651CF4BC2E00364333 /* AppDelegate.swift in Sources */,
			);
			runOnlyForDeploymentPostprocessing = 0;
		};
/* End PBXSourcesBuildPhase section */

/* Begin PBXVariantGroup section */
		CB222C681CF4BC2E00364333 /* Main.storyboard */ = {
			isa = PBXVariantGroup;
			children = (
				CB222C691CF4BC2E00364333 /* Base */,
			);
			name = Main.storyboard;
			sourceTree = "<group>";
		};
		CB222C6D1CF4BC2E00364333 /* LaunchScreen.storyboard */ = {
			isa = PBXVariantGroup;
			children = (
				CB222C6E1CF4BC2E00364333 /* Base */,
			);
			name = LaunchScreen.storyboard;
			sourceTree = "<group>";
		};
/* End PBXVariantGroup section */

/* Begin XCBuildConfiguration section */
		CB222C711CF4BC2E00364333 /* Debug */ = {
			isa = XCBuildConfiguration;
			buildSettings = {
				ALWAYS_SEARCH_USER_PATHS = NO;
				CLANG_ANALYZER_NONNULL = YES;
				CLANG_CXX_LANGUAGE_STANDARD = "gnu++0x";
				CLANG_CXX_LIBRARY = "libc++";
				CLANG_ENABLE_MODULES = YES;
				CLANG_ENABLE_OBJC_ARC = YES;
				CLANG_WARN_BOOL_CONVERSION = YES;
				CLANG_WARN_CONSTANT_CONVERSION = YES;
				CLANG_WARN_DIRECT_OBJC_ISA_USAGE = YES_ERROR;
				CLANG_WARN_EMPTY_BODY = YES;
				CLANG_WARN_ENUM_CONVERSION = YES;
				CLANG_WARN_INT_CONVERSION = YES;
				CLANG_WARN_OBJC_ROOT_CLASS = YES_ERROR;
				CLANG_WARN_UNREACHABLE_CODE = YES;
				CLANG_WARN__DUPLICATE_METHOD_MATCH = YES;
				"CODE_SIGN_IDENTITY[sdk=iphoneos*]" = "iPhone Developer";
				COPY_PHASE_STRIP = NO;
				DEBUG_INFORMATION_FORMAT = dwarf;
				ENABLE_STRICT_OBJC_MSGSEND = YES;
				ENABLE_TESTABILITY = YES;
				GCC_C_LANGUAGE_STANDARD = gnu99;
				GCC_DYNAMIC_NO_PIC = NO;
				GCC_NO_COMMON_BLOCKS = YES;
				GCC_OPTIMIZATION_LEVEL = 0;
				GCC_PREPROCESSOR_DEFINITIONS = (
					"DEBUG=1",
					"$(inherited)",
				);
				GCC_WARN_64_TO_32_BIT_CONVERSION = YES;
				GCC_WARN_ABOUT_RETURN_TYPE = YES_ERROR;
				GCC_WARN_UNDECLARED_SELECTOR = YES;
				GCC_WARN_UNINITIALIZED_AUTOS = YES_AGGRESSIVE;
				GCC_WARN_UNUSED_FUNCTION = YES;
				GCC_WARN_UNUSED_VARIABLE = YES;
				IPHONEOS_DEPLOYMENT_TARGET = 9.3;
				MTL_ENABLE_DEBUG_INFO = YES;
				ONLY_ACTIVE_ARCH = YES;
				SDKROOT = iphoneos;
				SWIFT_OPTIMIZATION_LEVEL = "-Onone";
				TARGETED_DEVICE_FAMILY = "1,2";
			};
			name = Debug;
		};
		CB222C721CF4BC2E00364333 /* Release */ = {
			isa = XCBuildConfiguration;
			buildSettings = {
				ALWAYS_SEARCH_USER_PATHS = NO;
				CLANG_ANALYZER_NONNULL = YES;
				CLANG_CXX_LANGUAGE_STANDARD = "gnu++0x";
				CLANG_CXX_LIBRARY = "libc++";
				CLANG_ENABLE_MODULES = YES;
				CLANG_ENABLE_OBJC_ARC = YES;
				CLANG_WARN_BOOL_CONVERSION = YES;
				CLANG_WARN_CONSTANT_CONVERSION = YES;
				CLANG_WARN_DIRECT_OBJC_ISA_USAGE = YES_ERROR;
				CLANG_WARN_EMPTY_BODY = YES;
				CLANG_WARN_ENUM_CONVERSION = YES;
				CLANG_WARN_INT_CONVERSION = YES;
				CLANG_WARN_OBJC_ROOT_CLASS = YES_ERROR;
				CLANG_WARN_UNREACHABLE_CODE = YES;
				CLANG_WARN__DUPLICATE_METHOD_MATCH = YES;
				"CODE_SIGN_IDENTITY[sdk=iphoneos*]" = "iPhone Developer";
				COPY_PHASE_STRIP = NO;
				DEBUG_INFORMATION_FORMAT = "dwarf-with-dsym";
				ENABLE_NS_ASSERTIONS = NO;
				ENABLE_STRICT_OBJC_MSGSEND = YES;
				GCC_C_LANGUAGE_STANDARD = gnu99;
				GCC_NO_COMMON_BLOCKS = YES;
				GCC_WARN_64_TO_32_BIT_CONVERSION = YES;
				GCC_WARN_ABOUT_RETURN_TYPE = YES_ERROR;
				GCC_WARN_UNDECLARED_SELECTOR = YES;
				GCC_WARN_UNINITIALIZED_AUTOS = YES_AGGRESSIVE;
				GCC_WARN_UNUSED_FUNCTION = YES;
				GCC_WARN_UNUSED_VARIABLE = YES;
				IPHONEOS_DEPLOYMENT_TARGET = 9.3;
				MTL_ENABLE_DEBUG_INFO = NO;
				SDKROOT = iphoneos;
				TARGETED_DEVICE_FAMILY = "1,2";
				VALIDATE_PRODUCT = YES;
			};
			name = Release;
		};
		CB222C741CF4BC2E00364333 /* Debug */ = {
			isa = XCBuildConfiguration;
			buildSettings = {
				ASSETCATALOG_COMPILER_APPICON_NAME = AppIcon;
				INFOPLIST_FILE = TextViewAppearance/Info.plist;
				LD_RUNPATH_SEARCH_PATHS = "$(inherited) @executable_path/Frameworks";
				PRODUCT_BUNDLE_IDENTIFIER = com.vonbelow.TextViewAppearance;
				PRODUCT_NAME = "$(TARGET_NAME)";
			};
			name = Debug;
		};
		CB222C751CF4BC2E00364333 /* Release */ = {
			isa = XCBuildConfiguration;
			buildSettings = {
				ASSETCATALOG_COMPILER_APPICON_NAME = AppIcon;
				INFOPLIST_FILE = TextViewAppearance/Info.plist;
				LD_RUNPATH_SEARCH_PATHS = "$(inherited) @executable_path/Frameworks";
				PRODUCT_BUNDLE_IDENTIFIER = com.vonbelow.TextViewAppearance;
				PRODUCT_NAME = "$(TARGET_NAME)";
			};
			name = Release;
		};
/* End XCBuildConfiguration section */

/* Begin XCConfigurationList section */
		CB222C5C1CF4BC2D00364333 /* Build configuration list for PBXProject "TextViewAppearance" */ = {
			isa = XCConfigurationList;
			buildConfigurations = (
				CB222C711CF4BC2E00364333 /* Debug */,
				CB222C721CF4BC2E00364333 /* Release */,
			);
			defaultConfigurationIsVisible = 0;
			defaultConfigurationName = Release;
		};
		CB222C731CF4BC2E00364333 /* Build configuration list for PBXNativeTarget "TextViewAppearance" */ = {
			isa = XCConfigurationList;
			buildConfigurations = (
				CB222C741CF4BC2E00364333 /* Debug */,
				CB222C751CF4BC2E00364333 /* Release */,
			);
			defaultConfigurationIsVisible = 0;
		};
/* End XCConfigurationList section */
	};
	rootObject = CB222C591CF4BC2D00364333 /* Project object */;
}
